<?xml version="1.0" encoding="UTF-8" standalone="yes" ?>
<CodeBlocks_project_file>
	<FileVersion major="1" minor="6" />
	<Project>
		<Option title="SuperShiny" />
		<Option pch_mode="2" />
		<Option compiler="mingw_810_for_xp" />
		<Build>
			<Target title="Debug">
				<Option output="Export/SuperShiny_WindowsXP_x86_Debug/SuperShiny" prefix_auto="1" extension_auto="1" />
				<Option working_dir="Export/SuperShiny_WindowsXP_x86_Debug/" />
				<Option object_output="Intermediate/SuperShiny_WindowsXP_x86_Debug/" />
				<Option type="1" />
				<Option compiler="mingw_810_for_xp" />
				<Compiler>
					<Add option="-g" />
				</Compiler>
			</Target>
			<Target title="Release">
				<Option output="Export/SuperShiny_WindowsXP_x86_Release/SuperShiny" prefix_auto="1" extension_auto="1" />
				<Option working_dir="Export/SuperShiny_WindowsXP_x86_Release/" />
				<Option object_output="Intermediate/SuperShiny_WindowsXP_x86_Release/" />
				<Option type="1" />
				<Option compiler="mingw_810_for_xp" />
				<Compiler>
					<Add option="-fomit-frame-pointer" />
					<Add option="-O3" />
				</Compiler>
				<Linker>
					<Add option="-s" />
				</Linker>
			</Target>
		</Build>
		<Compiler>
			<Add option="-Wall" />
			<Add option="-m32" />
			<Add option="-std=gnu++17 -DWINVER=0x0501 -DWIN32_WINNT=0x0501 -DNOMINMAX" />
			<Add directory="E:/Dev/SDL2-devel-2.32.10-mingw/SDL2-2.32.10/i686-w64-mingw32/include/SDL2" />
			<Add directory="E:/Dev/SDL2_image-devel-2.8.8-mingw/SDL2_image-2.8.8/i686-w64-mingw32/include/SDL2" />
			<Add directory="E:/Dev/SDL2_ttf-devel-2.24.0-mingw/SDL2_ttf-2.24.0/i686-w64-mingw32/include/SDL2" />
			<Add directory="E:/Dev/SDL2_mixer-devel-2.8.1-mingw/SDL2_mixer-2.8.1/i686-w64-mingw32/include/SDL2" />
		</Compiler>
		<Linker>
			<Add option="-static-libstdc++" />
			<Add option="-static-libgcc" />
			<Add option="-m32" />
			<Add library="mingw32" />
			<Add library="SDL2main" />
			<Add library="SDL2.dll" />
			<Add library="user32" />
			<Add library="gdi32" />
			<Add library="winmm" />
			<Add library="dxguid" />
			<Add library="SDL2_image.dll" />
			<Add library="SDL2_ttf.dll" />
			<Add library="SDL2_mixer.dll" />
			<Add directory="E:/Dev/SDL2-devel-2.32.10-mingw/SDL2-2.32.10/i686-w64-mingw32/lib" />
			<Add directory="E:/Dev/SDL2_image-devel-2.8.8-mingw/SDL2_image-2.8.8/i686-w64-mingw32/lib" />
			<Add directory="E:/Dev/SDL2_ttf-devel-2.24.0-mingw/SDL2_ttf-2.24.0/i686-w64-mingw32/lib" />
			<Add directory="E:/Dev/SDL2_mixer-devel-2.8.1-mingw/SDL2_mixer-2.8.1/i686-w64-mingw32/lib" />
		</Linker>
		<ExtraCommands>
			<Add after='CMD /C SET &quot;WITHEXE_SRC=$(PROJECT_DIR)\WithEXE&quot; &amp;&amp; SET &quot;WITHEXE_DST=$(TARGET_OUTPUT_DIR)&quot; &amp;&amp; SET &quot;WITHEXE_KEEP=$(TARGET_OUTPUT_FILE)&quot; &amp;&amp; &quot;$(PROJECT_DIR)\Tools\WithEXE_Mirror.exe&quot;' />
			<Add after='XCOPY &quot;$(#sdl2)\bin\*.dll&quot; &quot;$(TARGET_OUTPUT_DIR)&quot; /D /Y' />
			<Add after='XCOPY &quot;$(#sdl2_image)\bin\*.dll&quot; &quot;$(TARGET_OUTPUT_DIR)&quot; /D /Y' />
			<Add after='XCOPY &quot;$(#sdl2_ttf)\bin\*.dll&quot; &quot;$(TARGET_OUTPUT_DIR)&quot; /D /Y' />
			<Add after='XCOPY &quot;$(#sdl2_mixer)\bin\*.dll&quot; &quot;$(TARGET_OUTPUT_DIR)&quot; /D /Y' />
			<Mode after="always" />
		</ExtraCommands>
		<Unit filename="Source/SuperShiny/Orb.cpp" />
		<Unit filename="Source/SuperShiny/Orb.h" />
		<Unit filename="Source/SuperShiny/Shiny.cpp" />
		<Unit filename="Source/SuperShiny/Shiny.h" />
		<Unit filename="Source/SuperShiny/SplashScreen.cpp" />
		<Unit filename="Source/SuperShiny/SplashScreen.h" />
		<Unit filename="Source/SuperShiny/SuperShiny.cpp" />
		<Unit filename="Source/SuperShiny/SuperShiny.h" />
		<Unit filename="Source/SuperShiny/TitleScreen.cpp" />
		<Unit filename="Source/SuperShiny/TitleScreen.h" />
		<Unit filename="Source/main.cpp" />
		<Unit filename="Source/ssge/Accessor.cpp" />
		<Unit filename="Source/ssge/Accessor.h" />
		<Unit filename="Source/ssge/DrawContext.cpp" />
		<Unit filename="Source/ssge/DrawContext.h" />
		<Unit filename="Source/ssge/Engine.cpp" />
		<Unit filename="Source/ssge/Engine.h" />
		<Unit filename="Source/ssge/Entity.cpp" />
		<Unit filename="Source/ssge/Entity.h" />
		<Unit filename="Source/ssge/EntityManager.cpp" />
		<Unit filename="Source/ssge/EntityManager.h" />
		<Unit filename="Source/ssge/GameWorld.cpp" />
		<Unit filename="Source/ssge/GameWorld.h" />
		<Unit filename="Source/ssge/IGame.h" />
		<Unit filename="Source/ssge/InputBinding.h" />
		<Unit filename="Source/ssge/InputManager.cpp" />
		<Unit filename="Source/ssge/InputManager.h" />
		<Unit filename="Source/ssge/InputPad.cpp" />
		<Unit filename="Source/ssge/InputPad.h" />
		<Unit filename="Source/ssge/InputSet.h" />
		<Unit filename="Source/ssge/Level.cpp" />
		<Unit filename="Source/ssge/Level.h" />
		<Unit filename="Source/ssge/MenuContext.cpp" />
		<Unit filename="Source/ssge/MenuContext.h" />
		<Unit filename="Source/ssge/MenuSystem.cpp" />
		<Unit filename="Source/ssge/MenuSystem.h" />
		<Unit filename="Source/ssge/PassKey.h" />
		<Unit filename="Source/ssge/Program.cpp" />
		<Unit filename="Source/ssge/Program.h" />
		<Unit filename="Source/ssge/Scene.cpp" />
		<Unit filename="Source/ssge/Scene.h" />
		<Unit filename="Source/ssge/SceneManager.cpp" />
		<Unit filename="Source/ssge/SceneManager.h" />
		<Unit filename="Source/ssge/SdlTexture.h" />
		<Unit filename="Source/ssge/Sprite.cpp" />
		<Unit filename="Source/ssge/Sprite.h" />
		<Unit filename="Source/ssge/StepContext.cpp" />
		<Unit filename="Source/ssge/StepContext.h" />
		<Unit filename="Source/ssge/Utilities.cpp" />
		<Unit filename="Source/ssge/Utilities.h" />
		<Unit filename="Source/ssge/WindowManager.cpp" />
		<Unit filename="Source/ssge/WindowManager.h" />
		<Extensions>
			<code_completion />
			<envvars />
			<debugger />
			<lib_finder disable_auto="1" />
		</Extensions>
	</Project>
</CodeBlocks_project_file>
